
Microsoft Visual Studio Solution File, Format Version 12.00
# Visual Studio 15
VisualStudioVersion = 15.0.28307.645
MinimumVisualStudioVersion = 10.0.40219.1
Project("{FAE04EC0-301F-11D3-BF4B-00C04F79EFBC}") = "NYPTIOutlookDragDrop", "NYPTIOutlookDragDrop\NYPTIOutlookDragDrop.csproj", "{88E6522A-C68B-42C8-8B5E-9C959BA6C415}"
EndProject
Project("{54435603-DBB4-11D2-8724-00A0C9A8B90C}") = "NYPTIOutlookDragDropSetup", "NYPTIOutlookDragDropSetup\NYPTIOutlookDragDropSetup.vdproj", "{0EF72B7A-7619-4572-A1C1-B31938BC6954}"
EndProject
Project("{2150E333-8FDC-42A3-9474-1A3956D46DE8}") = "Documents", "Documents", "{7A072433-B080-41DB-A449-19F4B547610B}"
	ProjectSection(SolutionItems) = preProject
		LICENSE = LICENSE
		License.rtf = License.rtf
		Readme.md = Readme.md
	EndProjectSection
EndProject
Project("{54435603-DBB4-11D2-8724-00A0C9A8B90C}") = "NYPTIOutlookDragDropSetup_x64", "NYPTIOutlookDragDropSetup_x64\NYPTIOutlookDragDropSetup_x64.vdproj", "{11AE420B-10E6-4E4A-8C37-D35BB0FB9F92}"
EndProject
Global
	GlobalSection(SolutionConfigurationPlatforms) = preSolution
		CD_ROM|Any CPU = CD_ROM|Any CPU
		CD_ROM|x64 = CD_ROM|x64
		CD_ROM|x86 = CD_ROM|x86
		Debug|Any CPU = Debug|Any CPU
		Debug|x64 = Debug|x64
		Debug|x86 = Debug|x86
		DVD-5|Any CPU = DVD-5|Any CPU
		DVD-5|x64 = DVD-5|x64
		DVD-5|x86 = DVD-5|x86
		Release|Any CPU = Release|Any CPU
		Release|x64 = Release|x64
		Release|x86 = Release|x86
		Release64|Any CPU = Release64|Any CPU
		Release64|x64 = Release64|x64
		Release64|x86 = Release64|x86
		SingleImage|Any CPU = SingleImage|Any CPU
		SingleImage|x64 = SingleImage|x64
		SingleImage|x86 = SingleImage|x86
	EndGlobalSection
	GlobalSection(ProjectConfigurationPlatforms) = postSolution
		{88E6522A-C68B-42C8-8B5E-9C959BA6C415}.CD_ROM|Any CPU.ActiveCfg = Release|Any CPU
		{88E6522A-C68B-42C8-8B5E-9C959BA6C415}.CD_ROM|Any CPU.Build.0 = Release|Any CPU
		{88E6522A-C68B-42C8-8B5E-9C959BA6C415}.CD_ROM|x64.ActiveCfg = Release64|x64
		{88E6522A-C68B-42C8-8B5E-9C959BA6C415}.CD_ROM|x64.Build.0 = Release64|x64
		{88E6522A-C68B-42C8-8B5E-9C959BA6C415}.CD_ROM|x86.ActiveCfg = Release|Any CPU
		{88E6522A-C68B-42C8-8B5E-9C959BA6C415}.CD_ROM|x86.Build.0 = Release|Any CPU
		{88E6522A-C68B-42C8-8B5E-9C959BA6C415}.Debug|Any CPU.ActiveCfg = Debug|Any CPU
		{88E6522A-C68B-42C8-8B5E-9C959BA6C415}.Debug|Any CPU.Build.0 = Debug|Any CPU
		{88E6522A-C68B-42C8-8B5E-9C959BA6C415}.Debug|x64.ActiveCfg = Debug|x64
		{88E6522A-C68B-42C8-8B5E-9C959BA6C415}.Debug|x64.Build.0 = Debug|x64
		{88E6522A-C68B-42C8-8B5E-9C959BA6C415}.Debug|x86.ActiveCfg = Debug|Any CPU
		{88E6522A-C68B-42C8-8B5E-9C959BA6C415}.Debug|x86.Build.0 = Debug|Any CPU
		{88E6522A-C68B-42C8-8B5E-9C959BA6C415}.DVD-5|Any CPU.ActiveCfg = Debug|Any CPU
		{88E6522A-C68B-42C8-8B5E-9C959BA6C415}.DVD-5|Any CPU.Build.0 = Debug|Any CPU
		{88E6522A-C68B-42C8-8B5E-9C959BA6C415}.DVD-5|x64.ActiveCfg = Debug|x64
		{88E6522A-C68B-42C8-8B5E-9C959BA6C415}.DVD-5|x64.Build.0 = Debug|x64
		{88E6522A-C68B-42C8-8B5E-9C959BA6C415}.DVD-5|x86.ActiveCfg = Debug|Any CPU
		{88E6522A-C68B-42C8-8B5E-9C959BA6C415}.DVD-5|x86.Build.0 = Debug|Any CPU
		{88E6522A-C68B-42C8-8B5E-9C959BA6C415}.Release|Any CPU.ActiveCfg = Release|Any CPU
		{88E6522A-C68B-42C8-8B5E-9C959BA6C415}.Release|Any CPU.Build.0 = Release|Any CPU
		{88E6522A-C68B-42C8-8B5E-9C959BA6C415}.Release|x64.ActiveCfg = Release|Any CPU
		{88E6522A-C68B-42C8-8B5E-9C959BA6C415}.Release|x64.Build.0 = Release|Any CPU
		{88E6522A-C68B-42C8-8B5E-9C959BA6C415}.Release|x86.ActiveCfg = Release|Any CPU
		{88E6522A-C68B-42C8-8B5E-9C959BA6C415}.Release|x86.Build.0 = Release|Any CPU
		{88E6522A-C68B-42C8-8B5E-9C959BA6C415}.Release64|Any CPU.ActiveCfg = Release64|Any CPU
		{88E6522A-C68B-42C8-8B5E-9C959BA6C415}.Release64|Any CPU.Build.0 = Release64|Any CPU
		{88E6522A-C68B-42C8-8B5E-9C959BA6C415}.Release64|x64.ActiveCfg = Release64|x64
		{88E6522A-C68B-42C8-8B5E-9C959BA6C415}.Release64|x64.Build.0 = Release64|x64
		{88E6522A-C68B-42C8-8B5E-9C959BA6C415}.Release64|x86.ActiveCfg = Release64|Any CPU
		{88E6522A-C68B-42C8-8B5E-9C959BA6C415}.Release64|x86.Build.0 = Release64|Any CPU
		{88E6522A-C68B-42C8-8B5E-9C959BA6C415}.SingleImage|Any CPU.ActiveCfg = Release|Any CPU
		{88E6522A-C68B-42C8-8B5E-9C959BA6C415}.SingleImage|Any CPU.Build.0 = Release|Any CPU
		{88E6522A-C68B-42C8-8B5E-9C959BA6C415}.SingleImage|x64.ActiveCfg = Release64|x64
		{88E6522A-C68B-42C8-8B5E-9C959BA6C415}.SingleImage|x64.Build.0 = Release64|x64
		{88E6522A-C68B-42C8-8B5E-9C959BA6C415}.SingleImage|x86.ActiveCfg = Release|Any CPU
		{88E6522A-C68B-42C8-8B5E-9C959BA6C415}.SingleImage|x86.Build.0 = Release|Any CPU
		{0EF72B7A-7619-4572-A1C1-B31938BC6954}.CD_ROM|Any CPU.ActiveCfg = Release
		{0EF72B7A-7619-4572-A1C1-B31938BC6954}.CD_ROM|Any CPU.Build.0 = Release
		{0EF72B7A-7619-4572-A1C1-B31938BC6954}.CD_ROM|x64.ActiveCfg = Release64
		{0EF72B7A-7619-4572-A1C1-B31938BC6954}.CD_ROM|x64.Build.0 = Release64
		{0EF72B7A-7619-4572-A1C1-B31938BC6954}.CD_ROM|x86.ActiveCfg = Release
		{0EF72B7A-7619-4572-A1C1-B31938BC6954}.CD_ROM|x86.Build.0 = Release
		{0EF72B7A-7619-4572-A1C1-B31938BC6954}.Debug|Any CPU.ActiveCfg = Debug
		{0EF72B7A-7619-4572-A1C1-B31938BC6954}.Debug|Any CPU.Build.0 = Debug
		{0EF72B7A-7619-4572-A1C1-B31938BC6954}.Debug|x64.ActiveCfg = Debug
		{0EF72B7A-7619-4572-A1C1-B31938BC6954}.Debug|x64.Build.0 = Debug
		{0EF72B7A-7619-4572-A1C1-B31938BC6954}.Debug|x86.ActiveCfg = Debug
		{0EF72B7A-7619-4572-A1C1-B31938BC6954}.Debug|x86.Build.0 = Debug
		{0EF72B7A-7619-4572-A1C1-B31938BC6954}.DVD-5|Any CPU.ActiveCfg = Debug
		{0EF72B7A-7619-4572-A1C1-B31938BC6954}.DVD-5|Any CPU.Build.0 = Debug
		{0EF72B7A-7619-4572-A1C1-B31938BC6954}.DVD-5|x64.ActiveCfg = Debug
		{0EF72B7A-7619-4572-A1C1-B31938BC6954}.DVD-5|x64.Build.0 = Debug
		{0EF72B7A-7619-4572-A1C1-B31938BC6954}.DVD-5|x86.ActiveCfg = Debug
		{0EF72B7A-7619-4572-A1C1-B31938BC6954}.DVD-5|x86.Build.0 = Debug
		{0EF72B7A-7619-4572-A1C1-B31938BC6954}.Release|Any CPU.ActiveCfg = Release
		{0EF72B7A-7619-4572-A1C1-B31938BC6954}.Release|Any CPU.Build.0 = Release
		{0EF72B7A-7619-4572-A1C1-B31938BC6954}.Release|x64.ActiveCfg = Release
		{0EF72B7A-7619-4572-A1C1-B31938BC6954}.Release|x64.Build.0 = Release
		{0EF72B7A-7619-4572-A1C1-B31938BC6954}.Release|x86.ActiveCfg = Release
		{0EF72B7A-7619-4572-A1C1-B31938BC6954}.Release|x86.Build.0 = Release
		{0EF72B7A-7619-4572-A1C1-B31938BC6954}.Release64|Any CPU.ActiveCfg = Release64
		{0EF72B7A-7619-4572-A1C1-B31938BC6954}.Release64|Any CPU.Build.0 = Release64
		{0EF72B7A-7619-4572-A1C1-B31938BC6954}.Release64|x64.ActiveCfg = Release64
		{0EF72B7A-7619-4572-A1C1-B31938BC6954}.Release64|x86.ActiveCfg = Release64
		{0EF72B7A-7619-4572-A1C1-B31938BC6954}.SingleImage|Any CPU.ActiveCfg = Release
		{0EF72B7A-7619-4572-A1C1-B31938BC6954}.SingleImage|Any CPU.Build.0 = Release
		{0EF72B7A-7619-4572-A1C1-B31938BC6954}.SingleImage|x64.ActiveCfg = Release64
		{0EF72B7A-7619-4572-A1C1-B31938BC6954}.SingleImage|x64.Build.0 = Release64
		{0EF72B7A-7619-4572-A1C1-B31938BC6954}.SingleImage|x86.ActiveCfg = Release
		{0EF72B7A-7619-4572-A1C1-B31938BC6954}.SingleImage|x86.Build.0 = Release
		{11AE420B-10E6-4E4A-8C37-D35BB0FB9F92}.CD_ROM|Any CPU.ActiveCfg = Release
		{11AE420B-10E6-4E4A-8C37-D35BB0FB9F92}.CD_ROM|Any CPU.Build.0 = Release
		{11AE420B-10E6-4E4A-8C37-D35BB0FB9F92}.CD_ROM|x64.ActiveCfg = Release64
		{11AE420B-10E6-4E4A-8C37-D35BB0FB9F92}.CD_ROM|x64.Build.0 = Release64
		{11AE420B-10E6-4E4A-8C37-D35BB0FB9F92}.CD_ROM|x86.ActiveCfg = Release
		{11AE420B-10E6-4E4A-8C37-D35BB0FB9F92}.CD_ROM|x86.Build.0 = Release
		{11AE420B-10E6-4E4A-8C37-D35BB0FB9F92}.Debug|Any CPU.ActiveCfg = Debug
		{11AE420B-10E6-4E4A-8C37-D35BB0FB9F92}.Debug|Any CPU.Build.0 = Debug
		{11AE420B-10E6-4E4A-8C37-D35BB0FB9F92}.Debug|x64.ActiveCfg = Debug
		{11AE420B-10E6-4E4A-8C37-D35BB0FB9F92}.Debug|x64.Build.0 = Debug
		{11AE420B-10E6-4E4A-8C37-D35BB0FB9F92}.Debug|x86.ActiveCfg = Debug
		{11AE420B-10E6-4E4A-8C37-D35BB0FB9F92}.Debug|x86.Build.0 = Debug
		{11AE420B-10E6-4E4A-8C37-D35BB0FB9F92}.DVD-5|Any CPU.ActiveCfg = Debug
		{11AE420B-10E6-4E4A-8C37-D35BB0FB9F92}.DVD-5|Any CPU.Build.0 = Debug
		{11AE420B-10E6-4E4A-8C37-D35BB0FB9F92}.DVD-5|x64.ActiveCfg = Debug
		{11AE420B-10E6-4E4A-8C37-D35BB0FB9F92}.DVD-5|x64.Build.0 = Debug
		{11AE420B-10E6-4E4A-8C37-D35BB0FB9F92}.DVD-5|x86.ActiveCfg = Debug
		{11AE420B-10E6-4E4A-8C37-D35BB0FB9F92}.DVD-5|x86.Build.0 = Debug
		{11AE420B-10E6-4E4A-8C37-D35BB0FB9F92}.Release|Any CPU.ActiveCfg = Release
		{11AE420B-10E6-4E4A-8C37-D35BB0FB9F92}.Release|x64.ActiveCfg = Release
		{11AE420B-10E6-4E4A-8C37-D35BB0FB9F92}.Release|x64.Build.0 = Release
		{11AE420B-10E6-4E4A-8C37-D35BB0FB9F92}.Release|x86.ActiveCfg = Release64
		{11AE420B-10E6-4E4A-8C37-D35BB0FB9F92}.Release64|Any CPU.ActiveCfg = Release64
		{11AE420B-10E6-4E4A-8C37-D35BB0FB9F92}.Release64|x64.ActiveCfg = Release64
		{11AE420B-10E6-4E4A-8C37-D35BB0FB9F92}.Release64|x64.Build.0 = Release64
		{11AE420B-10E6-4E4A-8C37-D35BB0FB9F92}.Release64|x86.ActiveCfg = Release64
		{11AE420B-10E6-4E4A-8C37-D35BB0FB9F92}.Release64|x86.Build.0 = Release64
		{11AE420B-10E6-4E4A-8C37-D35BB0FB9F92}.SingleImage|Any CPU.ActiveCfg = Release
		{11AE420B-10E6-4E4A-8C37-D35BB0FB9F92}.SingleImage|Any CPU.Build.0 = Release
		{11AE420B-10E6-4E4A-8C37-D35BB0FB9F92}.SingleImage|x64.ActiveCfg = Release64
		{11AE420B-10E6-4E4A-8C37-D35BB0FB9F92}.SingleImage|x64.Build.0 = Release64
		{11AE420B-10E6-4E4A-8C37-D35BB0FB9F92}.SingleImage|x86.ActiveCfg = Release
		{11AE420B-10E6-4E4A-8C37-D35BB0FB9F92}.SingleImage|x86.Build.0 = Release
	EndGlobalSection
	GlobalSection(SolutionProperties) = preSolution
		HideSolutionNode = FALSE
	EndGlobalSection
	GlobalSection(ExtensibilityGlobals) = postSolution
		SolutionGuid = {808D0B78-5C5A-4F49-ACC9-6289B690DCC5}
	EndGlobalSection
EndGlobal
